# THIS IS AN AUTOGENERATED FILE. DO NOT EDIT THIS FILE DIRECTLY.
# yarn lockfile v1


"@types/history@*":
  version "4.7.8"
  resolved "https://registry.npm.taobao.org/@types/history/download/@types/history-4.7.8.tgz?cache=0&sync_timestamp=1605055271942&other_urls=https%3A%2F%2Fregistry.npm.taobao.org%2F%40types%2Fhistory%2Fdownload%2F%40types%2Fhistory-4.7.8.tgz#49348387983075705fe8f4e02fb67f7daaec4934"
  integrity sha1-STSDh5gwdXBf6PTgL7Z/farsSTQ=

"@types/prop-types@*":
  version "15.7.3"
  resolved "https://registry.npm.taobao.org/@types/prop-types/download/@types/prop-types-15.7.3.tgz?cache=0&sync_timestamp=1605055388480&other_urls=https%3A%2F%2Fregistry.npm.taobao.org%2F%40types%2Fprop-types%2Fdownload%2F%40types%2Fprop-types-15.7.3.tgz#2ab0d5da2e5815f94b0b9d4b95d1e5f243ab2ca7"
  integrity sha1-KrDV2i5YFflLC51LldHl8kOrLKc=

"@types/react-router-dom@^5.1.6":
  version "5.1.6"
  resolved "https://registry.npm.taobao.org/@types/react-router-dom/download/@types/react-router-dom-5.1.6.tgz?cache=0&sync_timestamp=1605057209126&other_urls=https%3A%2F%2Fregistry.npm.taobao.org%2F%40types%2Freact-router-dom%2Fdownload%2F%40types%2Freact-router-dom-5.1.6.tgz#07b14e7ab1893a837c8565634960dc398564b1fb"
  integrity sha1-B7FOerGJOoN8hWVjSWDcOYVksfs=
  dependencies:
    "@types/history" "*"
    "@types/react" "*"
    "@types/react-router" "*"

"@types/react-router@*":
  version "5.1.8"
  resolved "https://registry.npm.taobao.org/@types/react-router/download/@types/react-router-5.1.8.tgz?cache=0&other_urls=https%3A%2F%2Fregistry.npm.taobao.org%2F%40types%2Freact-router%2Fdownload%2F%40types%2Freact-router-5.1.8.tgz#4614e5ba7559657438e17766bb95ef6ed6acc3fa"
  integrity sha1-RhTlunVZZXQ44Xdmu5Xvbtasw/o=
  dependencies:
    "@types/history" "*"
    "@types/react" "*"

"@types/react@*":
  version "17.0.0"
  resolved "https://registry.npm.taobao.org/@types/react/download/@types/react-17.0.0.tgz#5af3eb7fad2807092f0046a1302b7823e27919b8"
  integrity sha1-WvPrf60oBwkvAEahMCt4I+J5Gbg=
  dependencies:
    "@types/prop-types" "*"
    csstype "^3.0.2"

csstype@^3.0.2:
  version "3.0.5"
  resolved "https://registry.npm.taobao.org/csstype/download/csstype-3.0.5.tgz#7fdec6a28a67ae18647c51668a9ff95bb2fa7bb8"
  integrity sha1-f97GoopnrhhkfFFmip/5W7L6e7g=
